
Microsoft Visual Studio Solution File, Format Version 12.00
# Visual Studio Version 17
VisualStudioVersion = 17.6.33723.286
MinimumVisualStudioVersion = 10.0.40219.1
Project("{8BC9CEB8-8B4A-11D0-8D11-00A0C91BC942}") = "GameServer", "GameServer\GameServer.vcxproj", "{6A0D62BF-741F-4A72-9E56-AECEE3886808}"
EndProject
Project("{8BC9CEB8-8B4A-11D0-8D11-00A0C91BC942}") = "GameClient", "GameClient\GameClient.vcxproj", "{115EDC06-547F-42A0-8B47-ECDEF28EA161}"
EndProject
Project("{8BC9CEB8-8B4A-11D0-8D11-00A0C91BC942}") = "ServerCore", "ServerCore\ServerCore.vcxproj", "{78AED8D3-FEC0-44B5-9F8E-4219CC1EAB8F}"
EndProject
Global
	GlobalSection(SolutionConfigurationPlatforms) = preSolution
		Debug|x64 = Debug|x64
		Debug|x86 = Debug|x86
		Release|x64 = Release|x64
		Release|x86 = Release|x86
	EndGlobalSection
	GlobalSection(ProjectConfigurationPlatforms) = postSolution
		{6A0D62BF-741F-4A72-9E56-AECEE3886808}.Debug|x64.ActiveCfg = Debug|x64
		{6A0D62BF-741F-4A72-9E56-AECEE3886808}.Debug|x64.Build.0 = Debug|x64
		{6A0D62BF-741F-4A72-9E56-AECEE3886808}.Debug|x86.ActiveCfg = Debug|Win32
		{6A0D62BF-741F-4A72-9E56-AECEE3886808}.Debug|x86.Build.0 = Debug|Win32
		{6A0D62BF-741F-4A72-9E56-AECEE3886808}.Release|x64.ActiveCfg = Release|x64
		{6A0D62BF-741F-4A72-9E56-AECEE3886808}.Release|x64.Build.0 = Release|x64
		{6A0D62BF-741F-4A72-9E56-AECEE3886808}.Release|x86.ActiveCfg = Release|Win32
		{6A0D62BF-741F-4A72-9E56-AECEE3886808}.Release|x86.Build.0 = Release|Win32
		{115EDC06-547F-42A0-8B47-ECDEF28EA161}.Debug|x64.ActiveCfg = Debug|x64
		{115EDC06-547F-42A0-8B47-ECDEF28EA161}.Debug|x64.Build.0 = Debug|x64
		{115EDC06-547F-42A0-8B47-ECDEF28EA161}.Debug|x86.ActiveCfg = Debug|Win32
		{115EDC06-547F-42A0-8B47-ECDEF28EA161}.Debug|x86.Build.0 = Debug|Win32
		{115EDC06-547F-42A0-8B47-ECDEF28EA161}.Release|x64.ActiveCfg = Release|x64
		{115EDC06-547F-42A0-8B47-ECDEF28EA161}.Release|x64.Build.0 = Release|x64
		{115EDC06-547F-42A0-8B47-ECDEF28EA161}.Release|x86.ActiveCfg = Release|Win32
		{115EDC06-547F-42A0-8B47-ECDEF28EA161}.Release|x86.Build.0 = Release|Win32
		{78AED8D3-FEC0-44B5-9F8E-4219CC1EAB8F}.Debug|x64.ActiveCfg = Debug|x64
		{78AED8D3-FEC0-44B5-9F8E-4219CC1EAB8F}.Debug|x64.Build.0 = Debug|x64
		{78AED8D3-FEC0-44B5-9F8E-4219CC1EAB8F}.Debug|x86.ActiveCfg = Debug|Win32
		{78AED8D3-FEC0-44B5-9F8E-4219CC1EAB8F}.Debug|x86.Build.0 = Debug|Win32
		{78AED8D3-FEC0-44B5-9F8E-4219CC1EAB8F}.Release|x64.ActiveCfg = Release|x64
		{78AED8D3-FEC0-44B5-9F8E-4219CC1EAB8F}.Release|x64.Build.0 = Release|x64
		{78AED8D3-FEC0-44B5-9F8E-4219CC1EAB8F}.Release|x86.ActiveCfg = Release|Win32
		{78AED8D3-FEC0-44B5-9F8E-4219CC1EAB8F}.Release|x86.Build.0 = Release|Win32
	EndGlobalSection
	GlobalSection(SolutionProperties) = preSolution
		HideSolutionNode = FALSE
	EndGlobalSection
	GlobalSection(ExtensibilityGlobals) = postSolution
		SolutionGuid = {7A9D217B-3462-412F-B702-47FC4FA0C25F}
	EndGlobalSection
EndGlobal
